
Microsoft Visual Studio Solution File, Format Version 12.00
# Visual Studio Version 17
VisualStudioVersion = 17.4.33205.214
MinimumVisualStudioVersion = 10.0.40219.1
Project("{9A19103F-16F7-4668-BE54-9A1E7A4F7556}") = "AppHosting.Abstractions", "AppHosting.Abstractions\AppHosting.Abstractions.csproj", "{40BD187D-A1C2-4006-AADE-F0BBAD613297}"
EndProject
Project("{9A19103F-16F7-4668-BE54-9A1E7A4F7556}") = "AppHosting.Hosting", "AppHosting.Hosting\AppHosting.Hosting.csproj", "{62EC675A-0D19-4520-815C-7AA0894FF7D5}"
EndProject
Project("{9A19103F-16F7-4668-BE54-9A1E7A4F7556}") = "AppHosting.Xamarin.Forms", "AppHosting.Xamarin.Forms\AppHosting.Xamarin.Forms.csproj", "{714B9B01-0C07-48F1-BB86-242128C2F21E}"
EndProject
Project("{9A19103F-16F7-4668-BE54-9A1E7A4F7556}") = "AppHosting.Xamarin.Forms.Abstractions", "AppHosting.Xamarin.Forms.Abstractions\AppHosting.Xamarin.Forms.Abstractions.csproj", "{CC7389CE-6BEC-4BD3-83B1-2F46E32E413D}"
EndProject
Project("{FAE04EC0-301F-11D3-BF4B-00C04F79EFBC}") = "AppHosting.Xamarin.Forms.Android", "AppHosting.Xamarin.Forms.Android\AppHosting.Xamarin.Forms.Android.csproj", "{63591053-7C37-4126-959B-F4B7643257DA}"
EndProject
Project("{FAE04EC0-301F-11D3-BF4B-00C04F79EFBC}") = "AppHosting.Xamarin.Forms.iOS", "AppHosting.Xamarin.Forms.iOS\AppHosting.Xamarin.Forms.iOS.csproj", "{9842D909-E1B0-4370-A4B1-A70F9B768C1E}"
EndProject
Project("{FAE04EC0-301F-11D3-BF4B-00C04F79EFBC}") = "AppHosting.Xamarin.Forms.Shared", "AppHosting.Xamarin.Forms.Shared\AppHosting.Xamarin.Forms.Shared.csproj", "{5F837C40-849C-4D4F-B141-9D4258DDBFD1}"
EndProject
Global
	GlobalSection(SolutionConfigurationPlatforms) = preSolution
		Debug|Any CPU = Debug|Any CPU
		Release|Any CPU = Release|Any CPU
	EndGlobalSection
	GlobalSection(ProjectConfigurationPlatforms) = postSolution
		{40BD187D-A1C2-4006-AADE-F0BBAD613297}.Debug|Any CPU.ActiveCfg = Debug|Any CPU
		{40BD187D-A1C2-4006-AADE-F0BBAD613297}.Debug|Any CPU.Build.0 = Debug|Any CPU
		{40BD187D-A1C2-4006-AADE-F0BBAD613297}.Release|Any CPU.ActiveCfg = Release|Any CPU
		{40BD187D-A1C2-4006-AADE-F0BBAD613297}.Release|Any CPU.Build.0 = Release|Any CPU
		{62EC675A-0D19-4520-815C-7AA0894FF7D5}.Debug|Any CPU.ActiveCfg = Debug|Any CPU
		{62EC675A-0D19-4520-815C-7AA0894FF7D5}.Debug|Any CPU.Build.0 = Debug|Any CPU
		{62EC675A-0D19-4520-815C-7AA0894FF7D5}.Release|Any CPU.ActiveCfg = Release|Any CPU
		{62EC675A-0D19-4520-815C-7AA0894FF7D5}.Release|Any CPU.Build.0 = Release|Any CPU
		{714B9B01-0C07-48F1-BB86-242128C2F21E}.Debug|Any CPU.ActiveCfg = Debug|Any CPU
		{714B9B01-0C07-48F1-BB86-242128C2F21E}.Debug|Any CPU.Build.0 = Debug|Any CPU
		{714B9B01-0C07-48F1-BB86-242128C2F21E}.Release|Any CPU.ActiveCfg = Release|Any CPU
		{714B9B01-0C07-48F1-BB86-242128C2F21E}.Release|Any CPU.Build.0 = Release|Any CPU
		{CC7389CE-6BEC-4BD3-83B1-2F46E32E413D}.Debug|Any CPU.ActiveCfg = Debug|Any CPU
		{CC7389CE-6BEC-4BD3-83B1-2F46E32E413D}.Debug|Any CPU.Build.0 = Debug|Any CPU
		{CC7389CE-6BEC-4BD3-83B1-2F46E32E413D}.Release|Any CPU.ActiveCfg = Release|Any CPU
		{CC7389CE-6BEC-4BD3-83B1-2F46E32E413D}.Release|Any CPU.Build.0 = Release|Any CPU
		{63591053-7C37-4126-959B-F4B7643257DA}.Debug|Any CPU.ActiveCfg = Debug|Any CPU
		{63591053-7C37-4126-959B-F4B7643257DA}.Debug|Any CPU.Build.0 = Debug|Any CPU
		{63591053-7C37-4126-959B-F4B7643257DA}.Release|Any CPU.ActiveCfg = Release|Any CPU
		{63591053-7C37-4126-959B-F4B7643257DA}.Release|Any CPU.Build.0 = Release|Any CPU
		{9842D909-E1B0-4370-A4B1-A70F9B768C1E}.Debug|Any CPU.ActiveCfg = Debug|Any CPU
		{9842D909-E1B0-4370-A4B1-A70F9B768C1E}.Debug|Any CPU.Build.0 = Debug|Any CPU
		{9842D909-E1B0-4370-A4B1-A70F9B768C1E}.Release|Any CPU.ActiveCfg = Release|Any CPU
		{9842D909-E1B0-4370-A4B1-A70F9B768C1E}.Release|Any CPU.Build.0 = Release|Any CPU
		{5F837C40-849C-4D4F-B141-9D4258DDBFD1}.Debug|Any CPU.ActiveCfg = Debug|Any CPU
		{5F837C40-849C-4D4F-B141-9D4258DDBFD1}.Debug|Any CPU.Build.0 = Debug|Any CPU
		{5F837C40-849C-4D4F-B141-9D4258DDBFD1}.Release|Any CPU.ActiveCfg = Release|Any CPU
		{5F837C40-849C-4D4F-B141-9D4258DDBFD1}.Release|Any CPU.Build.0 = Release|Any CPU
	EndGlobalSection
	GlobalSection(SolutionProperties) = preSolution
		HideSolutionNode = FALSE
	EndGlobalSection
	GlobalSection(ExtensibilityGlobals) = postSolution
		SolutionGuid = {132E7B75-0559-4F6B-AFFE-78C378B2ABBF}
	EndGlobalSection
EndGlobal
